// !$*UTF8*$!
{
	archiveVersion = 1;
	classes = {
	};
	objectVersion = 50;
	objects = {

/* Begin PBXBuildFile section */
		0D1C779821F4D5E100229900 /* PodcastsSearchDataSource.swift in Sources */ = {isa = PBXBuildFile; fileRef = 0D1C779721F4D5E100229900 /* PodcastsSearchDataSource.swift */; };
		0D1CC24121F7189200F6A493 /* DownloadsDataSource.swift in Sources */ = {isa = PBXBuildFile; fileRef = 0D1CC24021F7189200F6A493 /* DownloadsDataSource.swift */; };
		0D1CC24521F7319F00F6A493 /* UIViewController+AddChild.swift in Sources */ = {isa = PBXBuildFile; fileRef = 0D1CC24421F7319F00F6A493 /* UIViewController+AddChild.swift */; };
		0D1CC24721F731F500F6A493 /* IndicatorViewController.swift in Sources */ = {isa = PBXBuildFile; fileRef = 0D1CC24621F731F500F6A493 /* IndicatorViewController.swift */; };
		0D1CC24921F7494000F6A493 /* PodcastsSearchController.swift in Sources */ = {isa = PBXBuildFile; fileRef = 0D1CC24821F7494000F6A493 /* PodcastsSearchController.swift */; };
		0DAC9F4E2174ADB70006F538 /* NSNotification.swift in Sources */ = {isa = PBXBuildFile; fileRef = 0DAC9F4D2174ADB70006F538 /* NSNotification.swift */; };
		0DF4EF5D21F277CE0019744C /* FavoritesDataSource.swift in Sources */ = {isa = PBXBuildFile; fileRef = 0DF4EF5C21F277CD0019744C /* FavoritesDataSource.swift */; };
		0DF4EF6021F27D7A0019744C /* FavoritesFlowLayoutDelegate.swift in Sources */ = {isa = PBXBuildFile; fileRef = 0DF4EF5F21F27D7A0019744C /* FavoritesFlowLayoutDelegate.swift */; };
		0DF4EF6221F356730019744C /* EpisodesDataSource.swift in Sources */ = {isa = PBXBuildFile; fileRef = 0DF4EF6121F356730019744C /* EpisodesDataSource.swift */; };
		0DF4EF6421F359580019744C /* EpisodesTableViewDelegate.swift in Sources */ = {isa = PBXBuildFile; fileRef = 0DF4EF6321F359580019744C /* EpisodesTableViewDelegate.swift */; };
		2A13308321453E9700888290 /* CMTime.swift in Sources */ = {isa = PBXBuildFile; fileRef = 2A13308221453E9700888290 /* CMTime.swift */; };
		2A823B9C213FE26C00B283A7 /* PodcastCell.xib in Resources */ = {isa = PBXBuildFile; fileRef = 2A823B9B213FE26C00B283A7 /* PodcastCell.xib */; };
		2A823B9E213FE60100B283A7 /* PodcastCell.swift in Sources */ = {isa = PBXBuildFile; fileRef = 2A823B9D213FE60100B283A7 /* PodcastCell.swift */; };
		2A823BA021400A0E00B283A7 /* EpisodesController.swift in Sources */ = {isa = PBXBuildFile; fileRef = 2A823B9F21400A0E00B283A7 /* EpisodesController.swift */; };
		2A84F7AC2142F9C2004ABB0C /* String.swift in Sources */ = {isa = PBXBuildFile; fileRef = 2A84F7AB2142F9C2004ABB0C /* String.swift */; };
		2A84F7AE2142FB5A004ABB0C /* RSSFeed.swift in Sources */ = {isa = PBXBuildFile; fileRef = 2A84F7AD2142FB59004ABB0C /* RSSFeed.swift */; };
		2A84F7B0214305CD004ABB0C /* PlayerDetailsView.swift in Sources */ = {isa = PBXBuildFile; fileRef = 2A84F7AF214305CD004ABB0C /* PlayerDetailsView.swift */; };
		2A84F7B2214305E5004ABB0C /* PlayerDetailsView.xib in Resources */ = {isa = PBXBuildFile; fileRef = 2A84F7B1214305E5004ABB0C /* PlayerDetailsView.xib */; };
		2A946DC621628C7100EB9D0D /* FavoritesController.swift in Sources */ = {isa = PBXBuildFile; fileRef = 2A946DC521628C7100EB9D0D /* FavoritesController.swift */; };
		2A946DC8216293EF00EB9D0D /* FavoritePodcastCell.swift in Sources */ = {isa = PBXBuildFile; fileRef = 2A946DC7216293EF00EB9D0D /* FavoritePodcastCell.swift */; };
		2A9EDC7521510F16009C9500 /* PlayerDetailsView+Gestures.swift in Sources */ = {isa = PBXBuildFile; fileRef = 2A9EDC7421510F16009C9500 /* PlayerDetailsView+Gestures.swift */; };
		2A9EDC7721511553009C9500 /* UIApplication.swift in Sources */ = {isa = PBXBuildFile; fileRef = 2A9EDC7621511553009C9500 /* UIApplication.swift */; };
		2AADF33E21483AC300F153FD /* PodcastsSearchingView.xib in Resources */ = {isa = PBXBuildFile; fileRef = 2AADF33D21483AC300F153FD /* PodcastsSearchingView.xib */; };
		2ADA62BB214152AA00C9C365 /* Episode.swift in Sources */ = {isa = PBXBuildFile; fileRef = 2ADA62BA214152AA00C9C365 /* Episode.swift */; };
		2ADA62BE2141540400C9C365 /* EpisodeCell.swift in Sources */ = {isa = PBXBuildFile; fileRef = 2ADA62BC2141540400C9C365 /* EpisodeCell.swift */; };
		2ADA62BF2141540400C9C365 /* EpisodeCell.xib in Resources */ = {isa = PBXBuildFile; fileRef = 2ADA62BD2141540400C9C365 /* EpisodeCell.xib */; };
		2AECB6962164F46D008502AE /* UserDefaults.swift in Sources */ = {isa = PBXBuildFile; fileRef = 2AECB6952164F46D008502AE /* UserDefaults.swift */; };
		2AF45B8D2168B731007F51F3 /* DownloadsController.swift in Sources */ = {isa = PBXBuildFile; fileRef = 2AF45B8C2168B731007F51F3 /* DownloadsController.swift */; };
		2AF686AA213C084800223FDA /* AppDelegate.swift in Sources */ = {isa = PBXBuildFile; fileRef = 2AF686A9213C084800223FDA /* AppDelegate.swift */; };
		2AF686B1213C085C00223FDA /* Assets.xcassets in Resources */ = {isa = PBXBuildFile; fileRef = 2AF686B0213C085C00223FDA /* Assets.xcassets */; };
		2AF686B4213C085C00223FDA /* LaunchScreen.storyboard in Resources */ = {isa = PBXBuildFile; fileRef = 2AF686B2213C085C00223FDA /* LaunchScreen.storyboard */; };
		2AF686BF213C085D00223FDA /* PodcastsAppTests.swift in Sources */ = {isa = PBXBuildFile; fileRef = 2AF686BE213C085D00223FDA /* PodcastsAppTests.swift */; };
		2AF686CA213C085D00223FDA /* PodcastsAppUITests.swift in Sources */ = {isa = PBXBuildFile; fileRef = 2AF686C9213C085D00223FDA /* PodcastsAppUITests.swift */; };
		2AF686D8213C098F00223FDA /* MainTabBarController.swift in Sources */ = {isa = PBXBuildFile; fileRef = 2AF686D7213C098F00223FDA /* MainTabBarController.swift */; };
		2AF686DE213C221400223FDA /* Podcast.swift in Sources */ = {isa = PBXBuildFile; fileRef = 2AF686DD213C221400223FDA /* Podcast.swift */; };
		2AFE3B5B213EB334003EB83A /* ApiService.swift in Sources */ = {isa = PBXBuildFile; fileRef = 2AFE3B5A213EB334003EB83A /* ApiService.swift */; };
		2D0009A31FEEC9FC2BB1C4ED /* Pods_PodcastsApp.framework in Frameworks */ = {isa = PBXBuildFile; fileRef = 954D53AE6DA7A2AC16A5A6A7 /* Pods_PodcastsApp.framework */; };
		9B5641163FC9D7A719462E2B /* Pods_PodcastsAppTests.framework in Frameworks */ = {isa = PBXBuildFile; fileRef = 8A2A4759333A8B9CC6999BC5 /* Pods_PodcastsAppTests.framework */; };
		A61D6E3366310B39BAF27021 /* Pods_PodcastsAppUITests.framework in Frameworks */ = {isa = PBXBuildFile; fileRef = 44F3EA4084B9CBB691108693 /* Pods_PodcastsAppUITests.framework */; };
/* End PBXBuildFile section */

/* Begin PBXContainerItemProxy section */
		2AF686BB213C085C00223FDA /* PBXContainerItemProxy */ = {
			isa = PBXContainerItemProxy;
			containerPortal = 2AF6869E213C084800223FDA /* Project object */;
			proxyType = 1;
			remoteGlobalIDString = 2AF686A5213C084800223FDA;
			remoteInfo = PodcastsApp;
		};
		2AF686C6213C085D00223FDA /* PBXContainerItemProxy */ = {
			isa = PBXContainerItemProxy;
			containerPortal = 2AF6869E213C084800223FDA /* Project object */;
			proxyType = 1;
			remoteGlobalIDString = 2AF686A5213C084800223FDA;
			remoteInfo = PodcastsApp;
		};
/* End PBXContainerItemProxy section */

/* Begin PBXFileReference section */
		0D1C779721F4D5E100229900 /* PodcastsSearchDataSource.swift */ = {isa = PBXFileReference; lastKnownFileType = sourcecode.swift; path = PodcastsSearchDataSource.swift; sourceTree = "<group>"; };
		0D1CC24021F7189200F6A493 /* DownloadsDataSource.swift */ = {isa = PBXFileReference; lastKnownFileType = sourcecode.swift; path = DownloadsDataSource.swift; sourceTree = "<group>"; };
		0D1CC24421F7319F00F6A493 /* UIViewController+AddChild.swift */ = {isa = PBXFileReference; lastKnownFileType = sourcecode.swift; path = "UIViewController+AddChild.swift"; sourceTree = "<group>"; };
		0D1CC24621F731F500F6A493 /* IndicatorViewController.swift */ = {isa = PBXFileReference; lastKnownFileType = sourcecode.swift; path = IndicatorViewController.swift; sourceTree = "<group>"; };
		0D1CC24821F7494000F6A493 /* PodcastsSearchController.swift */ = {isa = PBXFileReference; fileEncoding = 4; lastKnownFileType = sourcecode.swift; path = PodcastsSearchController.swift; sourceTree = "<group>"; };
		0DAC9F4D2174ADB70006F538 /* NSNotification.swift */ = {isa = PBXFileReference; lastKnownFileType = sourcecode.swift; path = NSNotification.swift; sourceTree = "<group>"; };
		0DF4EF5C21F277CD0019744C /* FavoritesDataSource.swift */ = {isa = PBXFileReference; lastKnownFileType = sourcecode.swift; path = FavoritesDataSource.swift; sourceTree = "<group>"; };
		0DF4EF5F21F27D7A0019744C /* FavoritesFlowLayoutDelegate.swift */ = {isa = PBXFileReference; lastKnownFileType = sourcecode.swift; path = FavoritesFlowLayoutDelegate.swift; sourceTree = "<group>"; };
		0DF4EF6121F356730019744C /* EpisodesDataSource.swift */ = {isa = PBXFileReference; lastKnownFileType = sourcecode.swift; path = EpisodesDataSource.swift; sourceTree = "<group>"; };
		0DF4EF6321F359580019744C /* EpisodesTableViewDelegate.swift */ = {isa = PBXFileReference; lastKnownFileType = sourcecode.swift; path = EpisodesTableViewDelegate.swift; sourceTree = "<group>"; };
		2A13308221453E9700888290 /* CMTime.swift */ = {isa = PBXFileReference; lastKnownFileType = sourcecode.swift; path = CMTime.swift; sourceTree = "<group>"; };
		2A823B9B213FE26C00B283A7 /* PodcastCell.xib */ = {isa = PBXFileReference; lastKnownFileType = file.xib; path = PodcastCell.xib; sourceTree = "<group>"; };
		2A823B9D213FE60100B283A7 /* PodcastCell.swift */ = {isa = PBXFileReference; lastKnownFileType = sourcecode.swift; path = PodcastCell.swift; sourceTree = "<group>"; };
		2A823B9F21400A0E00B283A7 /* EpisodesController.swift */ = {isa = PBXFileReference; lastKnownFileType = sourcecode.swift; path = EpisodesController.swift; sourceTree = "<group>"; };
		2A84F7AB2142F9C2004ABB0C /* String.swift */ = {isa = PBXFileReference; lastKnownFileType = sourcecode.swift; path = String.swift; sourceTree = "<group>"; };
		2A84F7AD2142FB59004ABB0C /* RSSFeed.swift */ = {isa = PBXFileReference; lastKnownFileType = sourcecode.swift; path = RSSFeed.swift; sourceTree = "<group>"; };
		2A84F7AF214305CD004ABB0C /* PlayerDetailsView.swift */ = {isa = PBXFileReference; lastKnownFileType = sourcecode.swift; path = PlayerDetailsView.swift; sourceTree = "<group>"; };
		2A84F7B1214305E5004ABB0C /* PlayerDetailsView.xib */ = {isa = PBXFileReference; lastKnownFileType = file.xib; path = PlayerDetailsView.xib; sourceTree = "<group>"; };
		2A946DC521628C7100EB9D0D /* FavoritesController.swift */ = {isa = PBXFileReference; lastKnownFileType = sourcecode.swift; path = FavoritesController.swift; sourceTree = "<group>"; };
		2A946DC7216293EF00EB9D0D /* FavoritePodcastCell.swift */ = {isa = PBXFileReference; lastKnownFileType = sourcecode.swift; path = FavoritePodcastCell.swift; sourceTree = "<group>"; };
		2A9EDC7421510F16009C9500 /* PlayerDetailsView+Gestures.swift */ = {isa = PBXFileReference; lastKnownFileType = sourcecode.swift; path = "PlayerDetailsView+Gestures.swift"; sourceTree = "<group>"; };
		2A9EDC7621511553009C9500 /* UIApplication.swift */ = {isa = PBXFileReference; lastKnownFileType = sourcecode.swift; path = UIApplication.swift; sourceTree = "<group>"; };
		2AADF33D21483AC300F153FD /* PodcastsSearchingView.xib */ = {isa = PBXFileReference; lastKnownFileType = file.xib; path = PodcastsSearchingView.xib; sourceTree = "<group>"; };
		2ADA62BA214152AA00C9C365 /* Episode.swift */ = {isa = PBXFileReference; lastKnownFileType = sourcecode.swift; path = Episode.swift; sourceTree = "<group>"; };
		2ADA62BC2141540400C9C365 /* EpisodeCell.swift */ = {isa = PBXFileReference; lastKnownFileType = sourcecode.swift; path = EpisodeCell.swift; sourceTree = "<group>"; };
		2ADA62BD2141540400C9C365 /* EpisodeCell.xib */ = {isa = PBXFileReference; lastKnownFileType = file.xib; path = EpisodeCell.xib; sourceTree = "<group>"; };
		2AECB6952164F46D008502AE /* UserDefaults.swift */ = {isa = PBXFileReference; lastKnownFileType = sourcecode.swift; path = UserDefaults.swift; sourceTree = "<group>"; };
		2AF45B8C2168B731007F51F3 /* DownloadsController.swift */ = {isa = PBXFileReference; lastKnownFileType = sourcecode.swift; path = DownloadsController.swift; sourceTree = "<group>"; };
		2AF686A6213C084800223FDA /* PodcastsApp.app */ = {isa = PBXFileReference; explicitFileType = wrapper.application; includeInIndex = 0; path = PodcastsApp.app; sourceTree = BUILT_PRODUCTS_DIR; };
		2AF686A9213C084800223FDA /* AppDelegate.swift */ = {isa = PBXFileReference; lastKnownFileType = sourcecode.swift; path = AppDelegate.swift; sourceTree = "<group>"; };
		2AF686B0213C085C00223FDA /* Assets.xcassets */ = {isa = PBXFileReference; lastKnownFileType = folder.assetcatalog; path = Assets.xcassets; sourceTree = "<group>"; };
		2AF686B3213C085C00223FDA /* Base */ = {isa = PBXFileReference; lastKnownFileType = file.storyboard; name = Base; path = Base.lproj/LaunchScreen.storyboard; sourceTree = "<group>"; };
		2AF686B5213C085C00223FDA /* Info.plist */ = {isa = PBXFileReference; lastKnownFileType = text.plist.xml; path = Info.plist; sourceTree = "<group>"; };
		2AF686BA213C085C00223FDA /* PodcastsAppTests.xctest */ = {isa = PBXFileReference; explicitFileType = wrapper.cfbundle; includeInIndex = 0; path = PodcastsAppTests.xctest; sourceTree = BUILT_PRODUCTS_DIR; };
		2AF686BE213C085D00223FDA /* PodcastsAppTests.swift */ = {isa = PBXFileReference; lastKnownFileType = sourcecode.swift; path = PodcastsAppTests.swift; sourceTree = "<group>"; };
		2AF686C0213C085D00223FDA /* Info.plist */ = {isa = PBXFileReference; lastKnownFileType = text.plist.xml; path = Info.plist; sourceTree = "<group>"; };
		2AF686C5213C085D00223FDA /* PodcastsAppUITests.xctest */ = {isa = PBXFileReference; explicitFileType = wrapper.cfbundle; includeInIndex = 0; path = PodcastsAppUITests.xctest; sourceTree = BUILT_PRODUCTS_DIR; };
		2AF686C9213C085D00223FDA /* PodcastsAppUITests.swift */ = {isa = PBXFileReference; lastKnownFileType = sourcecode.swift; path = PodcastsAppUITests.swift; sourceTree = "<group>"; };
		2AF686CB213C085D00223FDA /* Info.plist */ = {isa = PBXFileReference; lastKnownFileType = text.plist.xml; path = Info.plist; sourceTree = "<group>"; };
		2AF686D7213C098F00223FDA /* MainTabBarController.swift */ = {isa = PBXFileReference; lastKnownFileType = sourcecode.swift; path = MainTabBarController.swift; sourceTree = "<group>"; };
		2AF686DD213C221400223FDA /* Podcast.swift */ = {isa = PBXFileReference; lastKnownFileType = sourcecode.swift; path = Podcast.swift; sourceTree = "<group>"; };
		2AFE3B5A213EB334003EB83A /* ApiService.swift */ = {isa = PBXFileReference; lastKnownFileType = sourcecode.swift; path = ApiService.swift; sourceTree = "<group>"; };
		3CD0283549BB8C21CC7B3F41 /* Pods-PodcastsAppTests.release.xcconfig */ = {isa = PBXFileReference; includeInIndex = 1; lastKnownFileType = text.xcconfig; name = "Pods-PodcastsAppTests.release.xcconfig"; path = "Pods/Target Support Files/Pods-PodcastsAppTests/Pods-PodcastsAppTests.release.xcconfig"; sourceTree = "<group>"; };
		44F3EA4084B9CBB691108693 /* Pods_PodcastsAppUITests.framework */ = {isa = PBXFileReference; explicitFileType = wrapper.framework; includeInIndex = 0; path = Pods_PodcastsAppUITests.framework; sourceTree = BUILT_PRODUCTS_DIR; };
		56985ACD03CCBEF395A54B20 /* Pods-PodcastsApp.debug.xcconfig */ = {isa = PBXFileReference; includeInIndex = 1; lastKnownFileType = text.xcconfig; name = "Pods-PodcastsApp.debug.xcconfig"; path = "Pods/Target Support Files/Pods-PodcastsApp/Pods-PodcastsApp.debug.xcconfig"; sourceTree = "<group>"; };
		5AE2C7835AD325DDD318D059 /* Pods-PodcastsAppUITests.debug.xcconfig */ = {isa = PBXFileReference; includeInIndex = 1; lastKnownFileType = text.xcconfig; name = "Pods-PodcastsAppUITests.debug.xcconfig"; path = "Pods/Target Support Files/Pods-PodcastsAppUITests/Pods-PodcastsAppUITests.debug.xcconfig"; sourceTree = "<group>"; };
		750533E6C513C4A50556B15D /* Pods-PodcastsApp.release.xcconfig */ = {isa = PBXFileReference; includeInIndex = 1; lastKnownFileType = text.xcconfig; name = "Pods-PodcastsApp.release.xcconfig"; path = "Pods/Target Support Files/Pods-PodcastsApp/Pods-PodcastsApp.release.xcconfig"; sourceTree = "<group>"; };
		8A2A4759333A8B9CC6999BC5 /* Pods_PodcastsAppTests.framework */ = {isa = PBXFileReference; explicitFileType = wrapper.framework; includeInIndex = 0; path = Pods_PodcastsAppTests.framework; sourceTree = BUILT_PRODUCTS_DIR; };
		954D53AE6DA7A2AC16A5A6A7 /* Pods_PodcastsApp.framework */ = {isa = PBXFileReference; explicitFileType = wrapper.framework; includeInIndex = 0; path = Pods_PodcastsApp.framework; sourceTree = BUILT_PRODUCTS_DIR; };
		A1F3C59D64B847358C1951A3 /* Pods-PodcastsAppUITests.release.xcconfig */ = {isa = PBXFileReference; includeInIndex = 1; lastKnownFileType = text.xcconfig; name = "Pods-PodcastsAppUITests.release.xcconfig"; path = "Pods/Target Support Files/Pods-PodcastsAppUITests/Pods-PodcastsAppUITests.release.xcconfig"; sourceTree = "<group>"; };
		D765A2AA5D4374010E6A215C /* Pods-PodcastsAppTests.debug.xcconfig */ = {isa = PBXFileReference; includeInIndex = 1; lastKnownFileType = text.xcconfig; name = "Pods-PodcastsAppTests.debug.xcconfig"; path = "Pods/Target Support Files/Pods-PodcastsAppTests/Pods-PodcastsAppTests.debug.xcconfig"; sourceTree = "<group>"; };
/* End PBXFileReference section */

/* Begin PBXFrameworksBuildPhase section */
		2AF686A3213C084800223FDA /* Frameworks */ = {
			isa = PBXFrameworksBuildPhase;
			buildActionMask = 2147483647;
			files = (
				2D0009A31FEEC9FC2BB1C4ED /* Pods_PodcastsApp.framework in Frameworks */,
			);
			runOnlyForDeploymentPostprocessing = 0;
		};
		2AF686B7213C085C00223FDA /* Frameworks */ = {
			isa = PBXFrameworksBuildPhase;
			buildActionMask = 2147483647;
			files = (
				9B5641163FC9D7A719462E2B /* Pods_PodcastsAppTests.framework in Frameworks */,
			);
			runOnlyForDeploymentPostprocessing = 0;
		};
		2AF686C2213C085D00223FDA /* Frameworks */ = {
			isa = PBXFrameworksBuildPhase;
			buildActionMask = 2147483647;
			files = (
				A61D6E3366310B39BAF27021 /* Pods_PodcastsAppUITests.framework in Frameworks */,
			);
			runOnlyForDeploymentPostprocessing = 0;
		};
/* End PBXFrameworksBuildPhase section */

/* Begin PBXGroup section */
		08870E4511EDED3F1ECEE7CB /* Pods */ = {
			isa = PBXGroup;
			children = (
				56985ACD03CCBEF395A54B20 /* Pods-PodcastsApp.debug.xcconfig */,
				750533E6C513C4A50556B15D /* Pods-PodcastsApp.release.xcconfig */,
				D765A2AA5D4374010E6A215C /* Pods-PodcastsAppTests.debug.xcconfig */,
				3CD0283549BB8C21CC7B3F41 /* Pods-PodcastsAppTests.release.xcconfig */,
				5AE2C7835AD325DDD318D059 /* Pods-PodcastsAppUITests.debug.xcconfig */,
				A1F3C59D64B847358C1951A3 /* Pods-PodcastsAppUITests.release.xcconfig */,
			);
			name = Pods;
			sourceTree = "<group>";
		};
		0DF4EF5B21F2779D0019744C /* DataSources */ = {
			isa = PBXGroup;
			children = (
				0DF4EF5C21F277CD0019744C /* FavoritesDataSource.swift */,
				0DF4EF6121F356730019744C /* EpisodesDataSource.swift */,
				0D1C779721F4D5E100229900 /* PodcastsSearchDataSource.swift */,
				0D1CC24021F7189200F6A493 /* DownloadsDataSource.swift */,
			);
			path = DataSources;
			sourceTree = "<group>";
		};
		0DF4EF5E21F27BFF0019744C /* Delegates */ = {
			isa = PBXGroup;
			children = (
				0DF4EF5F21F27D7A0019744C /* FavoritesFlowLayoutDelegate.swift */,
				0DF4EF6321F359580019744C /* EpisodesTableViewDelegate.swift */,
			);
			path = Delegates;
			sourceTree = "<group>";
		};
		2A823B9A213FE22F00B283A7 /* Views */ = {
			isa = PBXGroup;
			children = (
				2A823B9D213FE60100B283A7 /* PodcastCell.swift */,
				2A823B9B213FE26C00B283A7 /* PodcastCell.xib */,
				2ADA62BC2141540400C9C365 /* EpisodeCell.swift */,
				2ADA62BD2141540400C9C365 /* EpisodeCell.xib */,
				2A84F7AF214305CD004ABB0C /* PlayerDetailsView.swift */,
				2A9EDC7421510F16009C9500 /* PlayerDetailsView+Gestures.swift */,
				2A84F7B1214305E5004ABB0C /* PlayerDetailsView.xib */,
				2AADF33D21483AC300F153FD /* PodcastsSearchingView.xib */,
				2A946DC7216293EF00EB9D0D /* FavoritePodcastCell.swift */,
			);
			path = Views;
			sourceTree = "<group>";
		};
		2A84F7AA2142F9AA004ABB0C /* Extensions */ = {
			isa = PBXGroup;
			children = (
				2A84F7AB2142F9C2004ABB0C /* String.swift */,
				2A84F7AD2142FB59004ABB0C /* RSSFeed.swift */,
				2A13308221453E9700888290 /* CMTime.swift */,
				2A9EDC7621511553009C9500 /* UIApplication.swift */,
				2AECB6952164F46D008502AE /* UserDefaults.swift */,
				0DAC9F4D2174ADB70006F538 /* NSNotification.swift */,
				0D1CC24421F7319F00F6A493 /* UIViewController+AddChild.swift */,
			);
			path = Extensions;
			sourceTree = "<group>";
		};
		2AF6869D213C084800223FDA = {
			isa = PBXGroup;
			children = (
				2AF686A8213C084800223FDA /* PodcastsApp */,
				2AF686BD213C085C00223FDA /* PodcastsAppTests */,
				2AF686C8213C085D00223FDA /* PodcastsAppUITests */,
				2AF686A7213C084800223FDA /* Products */,
				08870E4511EDED3F1ECEE7CB /* Pods */,
				A86909C4B68CA92A78488FF9 /* Frameworks */,
			);
			sourceTree = "<group>";
		};
		2AF686A7213C084800223FDA /* Products */ = {
			isa = PBXGroup;
			children = (
				2AF686A6213C084800223FDA /* PodcastsApp.app */,
				2AF686BA213C085C00223FDA /* PodcastsAppTests.xctest */,
				2AF686C5213C085D00223FDA /* PodcastsAppUITests.xctest */,
			);
			name = Products;
			sourceTree = "<group>";
		};
		2AF686A8213C084800223FDA /* PodcastsApp */ = {
			isa = PBXGroup;
			children = (
				2A84F7AA2142F9AA004ABB0C /* Extensions */,
				2AFE3B59213EB312003EB83A /* Api */,
				2AF686DC213C21F300223FDA /* Models */,
				2A823B9A213FE22F00B283A7 /* Views */,
				2AF686D9213C20FF00223FDA /* Controllers */,
				0DF4EF5B21F2779D0019744C /* DataSources */,
				0DF4EF5E21F27BFF0019744C /* Delegates */,
				2AF686A9213C084800223FDA /* AppDelegate.swift */,
				2AF686B0213C085C00223FDA /* Assets.xcassets */,
				2AF686B2213C085C00223FDA /* LaunchScreen.storyboard */,
				2AF686B5213C085C00223FDA /* Info.plist */,
				2AF686D7213C098F00223FDA /* MainTabBarController.swift */,
			);
			path = PodcastsApp;
			sourceTree = "<group>";
		};
		2AF686BD213C085C00223FDA /* PodcastsAppTests */ = {
			isa = PBXGroup;
			children = (
				2AF686BE213C085D00223FDA /* PodcastsAppTests.swift */,
				2AF686C0213C085D00223FDA /* Info.plist */,
			);
			path = PodcastsAppTests;
			sourceTree = "<group>";
		};
		2AF686C8213C085D00223FDA /* PodcastsAppUITests */ = {
			isa = PBXGroup;
			children = (
				2AF686C9213C085D00223FDA /* PodcastsAppUITests.swift */,
				2AF686CB213C085D00223FDA /* Info.plist */,
			);
			path = PodcastsAppUITests;
			sourceTree = "<group>";
		};
		2AF686D9213C20FF00223FDA /* Controllers */ = {
			isa = PBXGroup;
			children = (
				0D1CC24821F7494000F6A493 /* PodcastsSearchController.swift */,
				2A946DC521628C7100EB9D0D /* FavoritesController.swift */,
				2A823B9F21400A0E00B283A7 /* EpisodesController.swift */,
				2AF45B8C2168B731007F51F3 /* DownloadsController.swift */,
				0D1CC24621F731F500F6A493 /* IndicatorViewController.swift */,
			);
			path = Controllers;
			sourceTree = "<group>";
		};
		2AF686DC213C21F300223FDA /* Models */ = {
			isa = PBXGroup;
			children = (
				2AF686DD213C221400223FDA /* Podcast.swift */,
				2ADA62BA214152AA00C9C365 /* Episode.swift */,
			);
			path = Models;
			sourceTree = "<group>";
		};
		2AFE3B59213EB312003EB83A /* Api */ = {
			isa = PBXGroup;
			children = (
				2AFE3B5A213EB334003EB83A /* ApiService.swift */,
			);
			path = Api;
			sourceTree = "<group>";
		};
		A86909C4B68CA92A78488FF9 /* Frameworks */ = {
			isa = PBXGroup;
			children = (
				954D53AE6DA7A2AC16A5A6A7 /* Pods_PodcastsApp.framework */,
				8A2A4759333A8B9CC6999BC5 /* Pods_PodcastsAppTests.framework */,
				44F3EA4084B9CBB691108693 /* Pods_PodcastsAppUITests.framework */,
			);
			name = Frameworks;
			sourceTree = "<group>";
		};
/* End PBXGroup section */

/* Begin PBXNativeTarget section */
		2AF686A5213C084800223FDA /* PodcastsApp */ = {
			isa = PBXNativeTarget;
			buildConfigurationList = 2AF686CE213C085D00223FDA /* Build configuration list for PBXNativeTarget "PodcastsApp" */;
			buildPhases = (
				EFB705880903EF058F563BCA /* [CP] Check Pods Manifest.lock */,
				2AF686A2213C084800223FDA /* Sources */,
				2AF686A3213C084800223FDA /* Frameworks */,
				2AF686A4213C084800223FDA /* Resources */,
				03D0FF1A3CC4EF3AFA30D6D0 /* [CP] Embed Pods Frameworks */,
			);
			buildRules = (
			);
			dependencies = (
			);
			name = PodcastsApp;
			productName = PodcastsApp;
			productReference = 2AF686A6213C084800223FDA /* PodcastsApp.app */;
			productType = "com.apple.product-type.application";
		};
		2AF686B9213C085C00223FDA /* PodcastsAppTests */ = {
			isa = PBXNativeTarget;
			buildConfigurationList = 2AF686D1213C085D00223FDA /* Build configuration list for PBXNativeTarget "PodcastsAppTests" */;
			buildPhases = (
				33DDA8064AD48B9F01B8AB14 /* [CP] Check Pods Manifest.lock */,
				2AF686B6213C085C00223FDA /* Sources */,
				2AF686B7213C085C00223FDA /* Frameworks */,
				2AF686B8213C085C00223FDA /* Resources */,
			);
			buildRules = (
			);
			dependencies = (
				2AF686BC213C085C00223FDA /* PBXTargetDependency */,
			);
			name = PodcastsAppTests;
			productName = PodcastsAppTests;
			productReference = 2AF686BA213C085C00223FDA /* PodcastsAppTests.xctest */;
			productType = "com.apple.product-type.bundle.unit-test";
		};
		2AF686C4213C085D00223FDA /* PodcastsAppUITests */ = {
			isa = PBXNativeTarget;
			buildConfigurationList = 2AF686D4213C085D00223FDA /* Build configuration list for PBXNativeTarget "PodcastsAppUITests" */;
			buildPhases = (
				63D24CA00CBAF0E7A6C19032 /* [CP] Check Pods Manifest.lock */,
				2AF686C1213C085D00223FDA /* Sources */,
				2AF686C2213C085D00223FDA /* Frameworks */,
				2AF686C3213C085D00223FDA /* Resources */,
			);
			buildRules = (
			);
			dependencies = (
				2AF686C7213C085D00223FDA /* PBXTargetDependency */,
			);
			name = PodcastsAppUITests;
			productName = PodcastsAppUITests;
			productReference = 2AF686C5213C085D00223FDA /* PodcastsAppUITests.xctest */;
			productType = "com.apple.product-type.bundle.ui-testing";
		};
/* End PBXNativeTarget section */

/* Begin PBXProject section */
		2AF6869E213C084800223FDA /* Project object */ = {
			isa = PBXProject;
			attributes = {
				LastSwiftUpdateCheck = 0930;
				LastUpgradeCheck = 0930;
				ORGANIZATIONNAME = "mahmoud gamal";
				TargetAttributes = {
					2AF686A5213C084800223FDA = {
						CreatedOnToolsVersion = 9.3;
						LastSwiftMigration = 1000;
						SystemCapabilities = {
							com.apple.BackgroundModes = {
								enabled = 1;
							};
						};
					};
					2AF686B9213C085C00223FDA = {
						CreatedOnToolsVersion = 9.3;
						LastSwiftMigration = 1000;
						TestTargetID = 2AF686A5213C084800223FDA;
					};
					2AF686C4213C085D00223FDA = {
						CreatedOnToolsVersion = 9.3;
						LastSwiftMigration = 1000;
						TestTargetID = 2AF686A5213C084800223FDA;
					};
				};
			};
			buildConfigurationList = 2AF686A1213C084800223FDA /* Build configuration list for PBXProject "PodcastsApp" */;
			compatibilityVersion = "Xcode 9.3";
			developmentRegion = en;
			hasScannedForEncodings = 0;
			knownRegions = (
				en,
				Base,
			);
			mainGroup = 2AF6869D213C084800223FDA;
			productRefGroup = 2AF686A7213C084800223FDA /* Products */;
			projectDirPath = "";
			projectRoot = "";
			targets = (
				2AF686A5213C084800223FDA /* PodcastsApp */,
				2AF686B9213C085C00223FDA /* PodcastsAppTests */,
				2AF686C4213C085D00223FDA /* PodcastsAppUITests */,
			);
		};
/* End PBXProject section */

/* Begin PBXResourcesBuildPhase section */
		2AF686A4213C084800223FDA /* Resources */ = {
			isa = PBXResourcesBuildPhase;
			buildActionMask = 2147483647;
			files = (
				2A84F7B2214305E5004ABB0C /* PlayerDetailsView.xib in Resources */,
				2AF686B4213C085C00223FDA /* LaunchScreen.storyboard in Resources */,
				2AADF33E21483AC300F153FD /* PodcastsSearchingView.xib in Resources */,
				2AF686B1213C085C00223FDA /* Assets.xcassets in Resources */,
				2ADA62BF2141540400C9C365 /* EpisodeCell.xib in Resources */,
				2A823B9C213FE26C00B283A7 /* PodcastCell.xib in Resources */,
			);
			runOnlyForDeploymentPostprocessing = 0;
		};
		2AF686B8213C085C00223FDA /* Resources */ = {
			isa = PBXResourcesBuildPhase;
			buildActionMask = 2147483647;
			files = (
			);
			runOnlyForDeploymentPostprocessing = 0;
		};
		2AF686C3213C085D00223FDA /* Resources */ = {
			isa = PBXResourcesBuildPhase;
			buildActionMask = 2147483647;
			files = (
			);
			runOnlyForDeploymentPostprocessing = 0;
		};
/* End PBXResourcesBuildPhase section */

/* Begin PBXShellScriptBuildPhase section */
		03D0FF1A3CC4EF3AFA30D6D0 /* [CP] Embed Pods Frameworks */ = {
			isa = PBXShellScriptBuildPhase;
			buildActionMask = 2147483647;
			files = (
			);
			inputPaths = (
				"${SRCROOT}/Pods/Target Support Files/Pods-PodcastsApp/Pods-PodcastsApp-frameworks.sh",
				"${BUILT_PRODUCTS_DIR}/Alamofire/Alamofire.framework",
				"${BUILT_PRODUCTS_DIR}/FeedKit/FeedKit.framework",
				"${BUILT_PRODUCTS_DIR}/SDWebImage/SDWebImage.framework",
			);
			name = "[CP] Embed Pods Frameworks";
			outputPaths = (
				"${TARGET_BUILD_DIR}/${FRAMEWORKS_FOLDER_PATH}/Alamofire.framework",
				"${TARGET_BUILD_DIR}/${FRAMEWORKS_FOLDER_PATH}/FeedKit.framework",
				"${TARGET_BUILD_DIR}/${FRAMEWORKS_FOLDER_PATH}/SDWebImage.framework",
			);
			runOnlyForDeploymentPostprocessing = 0;
			shellPath = /bin/sh;
			shellScript = "\"${SRCROOT}/Pods/Target Support Files/Pods-PodcastsApp/Pods-PodcastsApp-frameworks.sh\"\n";
			showEnvVarsInLog = 0;
		};
		33DDA8064AD48B9F01B8AB14 /* [CP] Check Pods Manifest.lock */ = {
			isa = PBXShellScriptBuildPhase;
			buildActionMask = 2147483647;
			files = (
			);
			inputPaths = (
				"${PODS_PODFILE_DIR_PATH}/Podfile.lock",
				"${PODS_ROOT}/Manifest.lock",
			);
			name = "[CP] Check Pods Manifest.lock";
			outputPaths = (
				"$(DERIVED_FILE_DIR)/Pods-PodcastsAppTests-checkManifestLockResult.txt",
			);
			runOnlyForDeploymentPostprocessing = 0;
			shellPath = /bin/sh;
			shellScript = "diff \"${PODS_PODFILE_DIR_PATH}/Podfile.lock\" \"${PODS_ROOT}/Manifest.lock\" > /dev/null\nif [ $? != 0 ] ; then\n    # print error to STDERR\n    echo \"error: The sandbox is not in sync with the Podfile.lock. Run 'pod install' or update your CocoaPods installation.\" >&2\n    exit 1\nfi\n# This output is used by Xcode 'outputs' to avoid re-running this script phase.\necho \"SUCCESS\" > \"${SCRIPT_OUTPUT_FILE_0}\"\n";
			showEnvVarsInLog = 0;
		};
		63D24CA00CBAF0E7A6C19032 /* [CP] Check Pods Manifest.lock */ = {
			isa = PBXShellScriptBuildPhase;
			buildActionMask = 2147483647;
			files = (
			);
			inputPaths = (
				"${PODS_PODFILE_DIR_PATH}/Podfile.lock",
				"${PODS_ROOT}/Manifest.lock",
			);
			name = "[CP] Check Pods Manifest.lock";
			outputPaths = (
				"$(DERIVED_FILE_DIR)/Pods-PodcastsAppUITests-checkManifestLockResult.txt",
			);
			runOnlyForDeploymentPostprocessing = 0;
			shellPath = /bin/sh;
			shellScript = "diff \"${PODS_PODFILE_DIR_PATH}/Podfile.lock\" \"${PODS_ROOT}/Manifest.lock\" > /dev/null\nif [ $? != 0 ] ; then\n    # print error to STDERR\n    echo \"error: The sandbox is not in sync with the Podfile.lock. Run 'pod install' or update your CocoaPods installation.\" >&2\n    exit 1\nfi\n# This output is used by Xcode 'outputs' to avoid re-running this script phase.\necho \"SUCCESS\" > \"${SCRIPT_OUTPUT_FILE_0}\"\n";
			showEnvVarsInLog = 0;
		};
		EFB705880903EF058F563BCA /* [CP] Check Pods Manifest.lock */ = {
			isa = PBXShellScriptBuildPhase;
			buildActionMask = 2147483647;
			files = (
			);
			inputPaths = (
				"${PODS_PODFILE_DIR_PATH}/Podfile.lock",
				"${PODS_ROOT}/Manifest.lock",
			);
			name = "[CP] Check Pods Manifest.lock";
			outputPaths = (
				"$(DERIVED_FILE_DIR)/Pods-PodcastsApp-checkManifestLockResult.txt",
			);
			runOnlyForDeploymentPostprocessing = 0;
			shellPath = /bin/sh;
			shellScript = "diff \"${PODS_PODFILE_DIR_PATH}/Podfile.lock\" \"${PODS_ROOT}/Manifest.lock\" > /dev/null\nif [ $? != 0 ] ; then\n    # print error to STDERR\n    echo \"error: The sandbox is not in sync with the Podfile.lock. Run 'pod install' or update your CocoaPods installation.\" >&2\n    exit 1\nfi\n# This output is used by Xcode 'outputs' to avoid re-running this script phase.\necho \"SUCCESS\" > \"${SCRIPT_OUTPUT_FILE_0}\"\n";
			showEnvVarsInLog = 0;
		};
/* End PBXShellScriptBuildPhase section */

/* Begin PBXSourcesBuildPhase section */
		2AF686A2213C084800223FDA /* Sources */ = {
			isa = PBXSourcesBuildPhase;
			buildActionMask = 2147483647;
			files = (
				0D1CC24921F7494000F6A493 /* PodcastsSearchController.swift in Sources */,
				2A946DC8216293EF00EB9D0D /* FavoritePodcastCell.swift in Sources */,
				2A9EDC7721511553009C9500 /* UIApplication.swift in Sources */,
				0DF4EF6221F356730019744C /* EpisodesDataSource.swift in Sources */,
				0D1CC24521F7319F00F6A493 /* UIViewController+AddChild.swift in Sources */,
				2A84F7AE2142FB5A004ABB0C /* RSSFeed.swift in Sources */,
				0DF4EF6021F27D7A0019744C /* FavoritesFlowLayoutDelegate.swift in Sources */,
				2A84F7B0214305CD004ABB0C /* PlayerDetailsView.swift in Sources */,
				0DAC9F4E2174ADB70006F538 /* NSNotification.swift in Sources */,
				2A946DC621628C7100EB9D0D /* FavoritesController.swift in Sources */,
				2A84F7AC2142F9C2004ABB0C /* String.swift in Sources */,
				0DF4EF6421F359580019744C /* EpisodesTableViewDelegate.swift in Sources */,
				0D1C779821F4D5E100229900 /* PodcastsSearchDataSource.swift in Sources */,
				2A13308321453E9700888290 /* CMTime.swift in Sources */,
				0D1CC24721F731F500F6A493 /* IndicatorViewController.swift in Sources */,
				0D1CC24121F7189200F6A493 /* DownloadsDataSource.swift in Sources */,
				2AFE3B5B213EB334003EB83A /* ApiService.swift in Sources */,
				2A9EDC7521510F16009C9500 /* PlayerDetailsView+Gestures.swift in Sources */,
				2A823BA021400A0E00B283A7 /* EpisodesController.swift in Sources */,
				2AF686AA213C084800223FDA /* AppDelegate.swift in Sources */,
				2AECB6962164F46D008502AE /* UserDefaults.swift in Sources */,
				2ADA62BE2141540400C9C365 /* EpisodeCell.swift in Sources */,
				0DF4EF5D21F277CE0019744C /* FavoritesDataSource.swift in Sources */,
				2AF45B8D2168B731007F51F3 /* DownloadsController.swift in Sources */,
				2AF686D8213C098F00223FDA /* MainTabBarController.swift in Sources */,
				2AF686DE213C221400223FDA /* Podcast.swift in Sources */,
				2ADA62BB214152AA00C9C365 /* Episode.swift in Sources */,
				2A823B9E213FE60100B283A7 /* PodcastCell.swift in Sources */,
			);
			runOnlyForDeploymentPostprocessing = 0;
		};
		2AF686B6213C085C00223FDA /* Sources */ = {
			isa = PBXSourcesBuildPhase;
			buildActionMask = 2147483647;
			files = (
				2AF686BF213C085D00223FDA /* PodcastsAppTests.swift in Sources */,
			);
			runOnlyForDeploymentPostprocessing = 0;
		};
		2AF686C1213C085D00223FDA /* Sources */ = {
			isa = PBXSourcesBuildPhase;
			buildActionMask = 2147483647;
			files = (
				2AF686CA213C085D00223FDA /* PodcastsAppUITests.swift in Sources */,
			);
			runOnlyForDeploymentPostprocessing = 0;
		};
/* End PBXSourcesBuildPhase section */

/* Begin PBXTargetDependency section */
		2AF686BC213C085C00223FDA /* PBXTargetDependency */ = {
			isa = PBXTargetDependency;
			target = 2AF686A5213C084800223FDA /* PodcastsApp */;
			targetProxy = 2AF686BB213C085C00223FDA /* PBXContainerItemProxy */;
		};
		2AF686C7213C085D00223FDA /* PBXTargetDependency */ = {
			isa = PBXTargetDependency;
			target = 2AF686A5213C084800223FDA /* PodcastsApp */;
			targetProxy = 2AF686C6213C085D00223FDA /* PBXContainerItemProxy */;
		};
/* End PBXTargetDependency section */

/* Begin PBXVariantGroup section */
		2AF686B2213C085C00223FDA /* LaunchScreen.storyboard */ = {
			isa = PBXVariantGroup;
			children = (
				2AF686B3213C085C00223FDA /* Base */,
			);
			name = LaunchScreen.storyboard;
			sourceTree = "<group>";
		};
/* End PBXVariantGroup section */

/* Begin XCBuildConfiguration section */
		2AF686CC213C085D00223FDA /* Debug */ = {
			isa = XCBuildConfiguration;
			buildSettings = {
				ALWAYS_SEARCH_USER_PATHS = NO;
				CLANG_ANALYZER_NONNULL = YES;
				CLANG_ANALYZER_NUMBER_OBJECT_CONVERSION = YES_AGGRESSIVE;
				CLANG_CXX_LANGUAGE_STANDARD = "gnu++14";
				CLANG_CXX_LIBRARY = "libc++";
				CLANG_ENABLE_MODULES = YES;
				CLANG_ENABLE_OBJC_ARC = YES;
				CLANG_ENABLE_OBJC_WEAK = YES;
				CLANG_WARN_BLOCK_CAPTURE_AUTORELEASING = YES;
				CLANG_WARN_BOOL_CONVERSION = YES;
				CLANG_WARN_COMMA = YES;
				CLANG_WARN_CONSTANT_CONVERSION = YES;
				CLANG_WARN_DEPRECATED_OBJC_IMPLEMENTATIONS = YES;
				CLANG_WARN_DIRECT_OBJC_ISA_USAGE = YES_ERROR;
				CLANG_WARN_DOCUMENTATION_COMMENTS = YES;
				CLANG_WARN_EMPTY_BODY = YES;
				CLANG_WARN_ENUM_CONVERSION = YES;
				CLANG_WARN_INFINITE_RECURSION = YES;
				CLANG_WARN_INT_CONVERSION = YES;
				CLANG_WARN_NON_LITERAL_NULL_CONVERSION = YES;
				CLANG_WARN_OBJC_IMPLICIT_RETAIN_SELF = YES;
				CLANG_WARN_OBJC_LITERAL_CONVERSION = YES;
				CLANG_WARN_OBJC_ROOT_CLASS = YES_ERROR;
				CLANG_WARN_RANGE_LOOP_ANALYSIS = YES;
				CLANG_WARN_STRICT_PROTOTYPES = YES;
				CLANG_WARN_SUSPICIOUS_MOVE = YES;
				CLANG_WARN_UNGUARDED_AVAILABILITY = YES_AGGRESSIVE;
				CLANG_WARN_UNREACHABLE_CODE = YES;
				CLANG_WARN__DUPLICATE_METHOD_MATCH = YES;
				CODE_SIGN_IDENTITY = "iPhone Developer";
				COPY_PHASE_STRIP = NO;
				DEBUG_INFORMATION_FORMAT = dwarf;
				ENABLE_STRICT_OBJC_MSGSEND = YES;
				ENABLE_TESTABILITY = YES;
				GCC_C_LANGUAGE_STANDARD = gnu11;
				GCC_DYNAMIC_NO_PIC = NO;
				GCC_NO_COMMON_BLOCKS = YES;
				GCC_OPTIMIZATION_LEVEL = 0;
				GCC_PREPROCESSOR_DEFINITIONS = (
					"DEBUG=1",
					"$(inherited)",
				);
				GCC_WARN_64_TO_32_BIT_CONVERSION = YES;
				GCC_WARN_ABOUT_RETURN_TYPE = YES_ERROR;
				GCC_WARN_UNDECLARED_SELECTOR = YES;
				GCC_WARN_UNINITIALIZED_AUTOS = YES_AGGRESSIVE;
				GCC_WARN_UNUSED_FUNCTION = YES;
				GCC_WARN_UNUSED_VARIABLE = YES;
				IPHONEOS_DEPLOYMENT_TARGET = 11.3;
				MTL_ENABLE_DEBUG_INFO = YES;
				ONLY_ACTIVE_ARCH = YES;
				SDKROOT = iphoneos;
				SWIFT_ACTIVE_COMPILATION_CONDITIONS = DEBUG;
				SWIFT_OPTIMIZATION_LEVEL = "-Onone";
			};
			name = Debug;
		};
		2AF686CD213C085D00223FDA /* Release */ = {
			isa = XCBuildConfiguration;
			buildSettings = {
				ALWAYS_SEARCH_USER_PATHS = NO;
				CLANG_ANALYZER_NONNULL = YES;
				CLANG_ANALYZER_NUMBER_OBJECT_CONVERSION = YES_AGGRESSIVE;
				CLANG_CXX_LANGUAGE_STANDARD = "gnu++14";
				CLANG_CXX_LIBRARY = "libc++";
				CLANG_ENABLE_MODULES = YES;
				CLANG_ENABLE_OBJC_ARC = YES;
				CLANG_ENABLE_OBJC_WEAK = YES;
				CLANG_WARN_BLOCK_CAPTURE_AUTORELEASING = YES;
				CLANG_WARN_BOOL_CONVERSION = YES;
				CLANG_WARN_COMMA = YES;
				CLANG_WARN_CONSTANT_CONVERSION = YES;
				CLANG_WARN_DEPRECATED_OBJC_IMPLEMENTATIONS = YES;
				CLANG_WARN_DIRECT_OBJC_ISA_USAGE = YES_ERROR;
				CLANG_WARN_DOCUMENTATION_COMMENTS = YES;
				CLANG_WARN_EMPTY_BODY = YES;
				CLANG_WARN_ENUM_CONVERSION = YES;
				CLANG_WARN_INFINITE_RECURSION = YES;
				CLANG_WARN_INT_CONVERSION = YES;
				CLANG_WARN_NON_LITERAL_NULL_CONVERSION = YES;
				CLANG_WARN_OBJC_IMPLICIT_RETAIN_SELF = YES;
				CLANG_WARN_OBJC_LITERAL_CONVERSION = YES;
				CLANG_WARN_OBJC_ROOT_CLASS = YES_ERROR;
				CLANG_WARN_RANGE_LOOP_ANALYSIS = YES;
				CLANG_WARN_STRICT_PROTOTYPES = YES;
				CLANG_WARN_SUSPICIOUS_MOVE = YES;
				CLANG_WARN_UNGUARDED_AVAILABILITY = YES_AGGRESSIVE;
				CLANG_WARN_UNREACHABLE_CODE = YES;
				CLANG_WARN__DUPLICATE_METHOD_MATCH = YES;
				CODE_SIGN_IDENTITY = "iPhone Developer";
				COPY_PHASE_STRIP = NO;
				DEBUG_INFORMATION_FORMAT = "dwarf-with-dsym";
				ENABLE_NS_ASSERTIONS = NO;
				ENABLE_STRICT_OBJC_MSGSEND = YES;
				GCC_C_LANGUAGE_STANDARD = gnu11;
				GCC_NO_COMMON_BLOCKS = YES;
				GCC_WARN_64_TO_32_BIT_CONVERSION = YES;
				GCC_WARN_ABOUT_RETURN_TYPE = YES_ERROR;
				GCC_WARN_UNDECLARED_SELECTOR = YES;
				GCC_WARN_UNINITIALIZED_AUTOS = YES_AGGRESSIVE;
				GCC_WARN_UNUSED_FUNCTION = YES;
				GCC_WARN_UNUSED_VARIABLE = YES;
				IPHONEOS_DEPLOYMENT_TARGET = 11.3;
				MTL_ENABLE_DEBUG_INFO = NO;
				SDKROOT = iphoneos;
				SWIFT_COMPILATION_MODE = wholemodule;
				SWIFT_OPTIMIZATION_LEVEL = "-O";
				VALIDATE_PRODUCT = YES;
			};
			name = Release;
		};
		2AF686CF213C085D00223FDA /* Debug */ = {
			isa = XCBuildConfiguration;
			baseConfigurationReference = 56985ACD03CCBEF395A54B20 /* Pods-PodcastsApp.debug.xcconfig */;
			buildSettings = {
				ASSETCATALOG_COMPILER_APPICON_NAME = AppIcon;
				CODE_SIGN_STYLE = Automatic;
				DEVELOPMENT_TEAM = TYLGLUFFXF;
				INFOPLIST_FILE = PodcastsApp/Info.plist;
				LD_RUNPATH_SEARCH_PATHS = (
					"$(inherited)",
					"@executable_path/Frameworks",
				);
				PRODUCT_BUNDLE_IDENTIFIER = com.fotta.PodcastsApp;
				PRODUCT_NAME = "$(TARGET_NAME)";
				SWIFT_VERSION = 4.2;
				TARGETED_DEVICE_FAMILY = "1,2";
			};
			name = Debug;
		};
		2AF686D0213C085D00223FDA /* Release */ = {
			isa = XCBuildConfiguration;
			baseConfigurationReference = 750533E6C513C4A50556B15D /* Pods-PodcastsApp.release.xcconfig */;
			buildSettings = {
				ASSETCATALOG_COMPILER_APPICON_NAME = AppIcon;
				CODE_SIGN_STYLE = Automatic;
				DEVELOPMENT_TEAM = TYLGLUFFXF;
				INFOPLIST_FILE = PodcastsApp/Info.plist;
				LD_RUNPATH_SEARCH_PATHS = (
					"$(inherited)",
					"@executable_path/Frameworks",
				);
				PRODUCT_BUNDLE_IDENTIFIER = com.fotta.PodcastsApp;
				PRODUCT_NAME = "$(TARGET_NAME)";
				SWIFT_VERSION = 4.2;
				TARGETED_DEVICE_FAMILY = "1,2";
			};
			name = Release;
		};
		2AF686D2213C085D00223FDA /* Debug */ = {
			isa = XCBuildConfiguration;
			baseConfigurationReference = D765A2AA5D4374010E6A215C /* Pods-PodcastsAppTests.debug.xcconfig */;
			buildSettings = {
				ALWAYS_EMBED_SWIFT_STANDARD_LIBRARIES = YES;
				BUNDLE_LOADER = "$(TEST_HOST)";
				CODE_SIGN_STYLE = Automatic;
				INFOPLIST_FILE = PodcastsAppTests/Info.plist;
				LD_RUNPATH_SEARCH_PATHS = (
					"$(inherited)",
					"@executable_path/Frameworks",
					"@loader_path/Frameworks",
				);
				PRODUCT_BUNDLE_IDENTIFIER = com.fotta.PodcastsAppTests;
				PRODUCT_NAME = "$(TARGET_NAME)";
				SWIFT_VERSION = 4.2;
				TARGETED_DEVICE_FAMILY = "1,2";
				TEST_HOST = "$(BUILT_PRODUCTS_DIR)/PodcastsApp.app/PodcastsApp";
			};
			name = Debug;
		};
		2AF686D3213C085D00223FDA /* Release */ = {
			isa = XCBuildConfiguration;
			baseConfigurationReference = 3CD0283549BB8C21CC7B3F41 /* Pods-PodcastsAppTests.release.xcconfig */;
			buildSettings = {
				ALWAYS_EMBED_SWIFT_STANDARD_LIBRARIES = YES;
				BUNDLE_LOADER = "$(TEST_HOST)";
				CODE_SIGN_STYLE = Automatic;
				INFOPLIST_FILE = PodcastsAppTests/Info.plist;
				LD_RUNPATH_SEARCH_PATHS = (
					"$(inherited)",
					"@executable_path/Frameworks",
					"@loader_path/Frameworks",
				);
				PRODUCT_BUNDLE_IDENTIFIER = com.fotta.PodcastsAppTests;
				PRODUCT_NAME = "$(TARGET_NAME)";
				SWIFT_VERSION = 4.2;
				TARGETED_DEVICE_FAMILY = "1,2";
				TEST_HOST = "$(BUILT_PRODUCTS_DIR)/PodcastsApp.app/PodcastsApp";
			};
			name = Release;
		};
		2AF686D5213C085D00223FDA /* Debug */ = {
			isa = XCBuildConfiguration;
			baseConfigurationReference = 5AE2C7835AD325DDD318D059 /* Pods-PodcastsAppUITests.debug.xcconfig */;
			buildSettings = {
				ALWAYS_EMBED_SWIFT_STANDARD_LIBRARIES = YES;
				CODE_SIGN_STYLE = Automatic;
				INFOPLIST_FILE = PodcastsAppUITests/Info.plist;
				LD_RUNPATH_SEARCH_PATHS = (
					"$(inherited)",
					"@executable_path/Frameworks",
					"@loader_path/Frameworks",
				);
				PRODUCT_BUNDLE_IDENTIFIER = com.fotta.PodcastsAppUITests;
				PRODUCT_NAME = "$(TARGET_NAME)";
				SWIFT_VERSION = 4.2;
				TARGETED_DEVICE_FAMILY = "1,2";
				TEST_TARGET_NAME = PodcastsApp;
			};
			name = Debug;
		};
		2AF686D6213C085D00223FDA /* Release */ = {
			isa = XCBuildConfiguration;
			baseConfigurationReference = A1F3C59D64B847358C1951A3 /* Pods-PodcastsAppUITests.release.xcconfig */;
			buildSettings = {
				ALWAYS_EMBED_SWIFT_STANDARD_LIBRARIES = YES;
				CODE_SIGN_STYLE = Automatic;
				INFOPLIST_FILE = PodcastsAppUITests/Info.plist;
				LD_RUNPATH_SEARCH_PATHS = (
					"$(inherited)",
					"@executable_path/Frameworks",
					"@loader_path/Frameworks",
				);
				PRODUCT_BUNDLE_IDENTIFIER = com.fotta.PodcastsAppUITests;
				PRODUCT_NAME = "$(TARGET_NAME)";
				SWIFT_VERSION = 4.2;
				TARGETED_DEVICE_FAMILY = "1,2";
				TEST_TARGET_NAME = PodcastsApp;
			};
			name = Release;
		};
/* End XCBuildConfiguration section */

/* Begin XCConfigurationList section */
		2AF686A1213C084800223FDA /* Build configuration list for PBXProject "PodcastsApp" */ = {
			isa = XCConfigurationList;
			buildConfigurations = (
				2AF686CC213C085D00223FDA /* Debug */,
				2AF686CD213C085D00223FDA /* Release */,
			);
			defaultConfigurationIsVisible = 0;
			defaultConfigurationName = Release;
		};
		2AF686CE213C085D00223FDA /* Build configuration list for PBXNativeTarget "PodcastsApp" */ = {
			isa = XCConfigurationList;
			buildConfigurations = (
				2AF686CF213C085D00223FDA /* Debug */,
				2AF686D0213C085D00223FDA /* Release */,
			);
			defaultConfigurationIsVisible = 0;
			defaultConfigurationName = Release;
		};
		2AF686D1213C085D00223FDA /* Build configuration list for PBXNativeTarget "PodcastsAppTests" */ = {
			isa = XCConfigurationList;
			buildConfigurations = (
				2AF686D2213C085D00223FDA /* Debug */,
				2AF686D3213C085D00223FDA /* Release */,
			);
			defaultConfigurationIsVisible = 0;
			defaultConfigurationName = Release;
		};
		2AF686D4213C085D00223FDA /* Build configuration list for PBXNativeTarget "PodcastsAppUITests" */ = {
			isa = XCConfigurationList;
			buildConfigurations = (
				2AF686D5213C085D00223FDA /* Debug */,
				2AF686D6213C085D00223FDA /* Release */,
			);
			defaultConfigurationIsVisible = 0;
			defaultConfigurationName = Release;
		};
/* End XCConfigurationList section */
	};
	rootObject = 2AF6869E213C084800223FDA /* Project object */;
}
