// !$*UTF8*$!
{
	archiveVersion = 1;
	classes = {
	};
	objectVersion = 50;
	objects = {

/* Begin PBXBuildFile section */
		2AF686AA213C084800223FDA /* AppDelegate.swift in Sources */ = {isa = PBXBuildFile; fileRef = 2AF686A9213C084800223FDA /* AppDelegate.swift */; };
		2AF686AC213C084800223FDA /* ViewController.swift in Sources */ = {isa = PBXBuildFile; fileRef = 2AF686AB213C084800223FDA /* ViewController.swift */; };
		2AF686AF213C084800223FDA /* Main.storyboard in Resources */ = {isa = PBXBuildFile; fileRef = 2AF686AD213C084800223FDA /* Main.storyboard */; };
		2AF686B1213C085C00223FDA /* Assets.xcassets in Resources */ = {isa = PBXBuildFile; fileRef = 2AF686B0213C085C00223FDA /* Assets.xcassets */; };
		2AF686B4213C085C00223FDA /* LaunchScreen.storyboard in Resources */ = {isa = PBXBuildFile; fileRef = 2AF686B2213C085C00223FDA /* LaunchScreen.storyboard */; };
		2AF686BF213C085D00223FDA /* PodcastsAppTests.swift in Sources */ = {isa = PBXBuildFile; fileRef = 2AF686BE213C085D00223FDA /* PodcastsAppTests.swift */; };
		2AF686CA213C085D00223FDA /* PodcastsAppUITests.swift in Sources */ = {isa = PBXBuildFile; fileRef = 2AF686C9213C085D00223FDA /* PodcastsAppUITests.swift */; };
		2AF686D8213C098F00223FDA /* MainTabBarController.swift in Sources */ = {isa = PBXBuildFile; fileRef = 2AF686D7213C098F00223FDA /* MainTabBarController.swift */; };
/* End PBXBuildFile section */

/* Begin PBXContainerItemProxy section */
		2AF686BB213C085C00223FDA /* PBXContainerItemProxy */ = {
			isa = PBXContainerItemProxy;
			containerPortal = 2AF6869E213C084800223FDA /* Project object */;
			proxyType = 1;
			remoteGlobalIDString = 2AF686A5213C084800223FDA;
			remoteInfo = PodcastsApp;
		};
		2AF686C6213C085D00223FDA /* PBXContainerItemProxy */ = {
			isa = PBXContainerItemProxy;
			containerPortal = 2AF6869E213C084800223FDA /* Project object */;
			proxyType = 1;
			remoteGlobalIDString = 2AF686A5213C084800223FDA;
			remoteInfo = PodcastsApp;
		};
/* End PBXContainerItemProxy section */

/* Begin PBXFileReference section */
		2AF686A6213C084800223FDA /* PodcastsApp.app */ = {isa = PBXFileReference; explicitFileType = wrapper.application; includeInIndex = 0; path = PodcastsApp.app; sourceTree = BUILT_PRODUCTS_DIR; };
		2AF686A9213C084800223FDA /* AppDelegate.swift */ = {isa = PBXFileReference; lastKnownFileType = sourcecode.swift; path = AppDelegate.swift; sourceTree = "<group>"; };
		2AF686AB213C084800223FDA /* ViewController.swift */ = {isa = PBXFileReference; lastKnownFileType = sourcecode.swift; path = ViewController.swift; sourceTree = "<group>"; };
		2AF686AE213C084800223FDA /* Base */ = {isa = PBXFileReference; lastKnownFileType = file.storyboard; name = Base; path = Base.lproj/Main.storyboard; sourceTree = "<group>"; };
		2AF686B0213C085C00223FDA /* Assets.xcassets */ = {isa = PBXFileReference; lastKnownFileType = folder.assetcatalog; path = Assets.xcassets; sourceTree = "<group>"; };
		2AF686B3213C085C00223FDA /* Base */ = {isa = PBXFileReference; lastKnownFileType = file.storyboard; name = Base; path = Base.lproj/LaunchScreen.storyboard; sourceTree = "<group>"; };
		2AF686B5213C085C00223FDA /* Info.plist */ = {isa = PBXFileReference; lastKnownFileType = text.plist.xml; path = Info.plist; sourceTree = "<group>"; };
		2AF686BA213C085C00223FDA /* PodcastsAppTests.xctest */ = {isa = PBXFileReference; explicitFileType = wrapper.cfbundle; includeInIndex = 0; path = PodcastsAppTests.xctest; sourceTree = BUILT_PRODUCTS_DIR; };
		2AF686BE213C085D00223FDA /* PodcastsAppTests.swift */ = {isa = PBXFileReference; lastKnownFileType = sourcecode.swift; path = PodcastsAppTests.swift; sourceTree = "<group>"; };
		2AF686C0213C085D00223FDA /* Info.plist */ = {isa = PBXFileReference; lastKnownFileType = text.plist.xml; path = Info.plist; sourceTree = "<group>"; };
		2AF686C5213C085D00223FDA /* PodcastsAppUITests.xctest */ = {isa = PBXFileReference; explicitFileType = wrapper.cfbundle; includeInIndex = 0; path = PodcastsAppUITests.xctest; sourceTree = BUILT_PRODUCTS_DIR; };
		2AF686C9213C085D00223FDA /* PodcastsAppUITests.swift */ = {isa = PBXFileReference; lastKnownFileType = sourcecode.swift; path = PodcastsAppUITests.swift; sourceTree = "<group>"; };
		2AF686CB213C085D00223FDA /* Info.plist */ = {isa = PBXFileReference; lastKnownFileType = text.plist.xml; path = Info.plist; sourceTree = "<group>"; };
		2AF686D7213C098F00223FDA /* MainTabBarController.swift */ = {isa = PBXFileReference; lastKnownFileType = sourcecode.swift; path = MainTabBarController.swift; sourceTree = "<group>"; };
/* End PBXFileReference section */

/* Begin PBXFrameworksBuildPhase section */
		2AF686A3213C084800223FDA /* Frameworks */ = {
			isa = PBXFrameworksBuildPhase;
			buildActionMask = 2147483647;
			files = (
			);
			runOnlyForDeploymentPostprocessing = 0;
		};
		2AF686B7213C085C00223FDA /* Frameworks */ = {
			isa = PBXFrameworksBuildPhase;
			buildActionMask = 2147483647;
			files = (
			);
			runOnlyForDeploymentPostprocessing = 0;
		};
		2AF686C2213C085D00223FDA /* Frameworks */ = {
			isa = PBXFrameworksBuildPhase;
			buildActionMask = 2147483647;
			files = (
			);
			runOnlyForDeploymentPostprocessing = 0;
		};
/* End PBXFrameworksBuildPhase section */

/* Begin PBXGroup section */
		2AF6869D213C084800223FDA = {
			isa = PBXGroup;
			children = (
				2AF686A8213C084800223FDA /* PodcastsApp */,
				2AF686BD213C085C00223FDA /* PodcastsAppTests */,
				2AF686C8213C085D00223FDA /* PodcastsAppUITests */,
				2AF686A7213C084800223FDA /* Products */,
			);
			sourceTree = "<group>";
		};
		2AF686A7213C084800223FDA /* Products */ = {
			isa = PBXGroup;
			children = (
				2AF686A6213C084800223FDA /* PodcastsApp.app */,
				2AF686BA213C085C00223FDA /* PodcastsAppTests.xctest */,
				2AF686C5213C085D00223FDA /* PodcastsAppUITests.xctest */,
			);
			name = Products;
			sourceTree = "<group>";
		};
		2AF686A8213C084800223FDA /* PodcastsApp */ = {
			isa = PBXGroup;
			children = (
				2AF686A9213C084800223FDA /* AppDelegate.swift */,
				2AF686AB213C084800223FDA /* ViewController.swift */,
				2AF686AD213C084800223FDA /* Main.storyboard */,
				2AF686B0213C085C00223FDA /* Assets.xcassets */,
				2AF686B2213C085C00223FDA /* LaunchScreen.storyboard */,
				2AF686B5213C085C00223FDA /* Info.plist */,
				2AF686D7213C098F00223FDA /* MainTabBarController.swift */,
			);
			path = PodcastsApp;
			sourceTree = "<group>";
		};
		2AF686BD213C085C00223FDA /* PodcastsAppTests */ = {
			isa = PBXGroup;
			children = (
				2AF686BE213C085D00223FDA /* PodcastsAppTests.swift */,
				2AF686C0213C085D00223FDA /* Info.plist */,
			);
			path = PodcastsAppTests;
			sourceTree = "<group>";
		};
		2AF686C8213C085D00223FDA /* PodcastsAppUITests */ = {
			isa = PBXGroup;
			children = (
				2AF686C9213C085D00223FDA /* PodcastsAppUITests.swift */,
				2AF686CB213C085D00223FDA /* Info.plist */,
			);
			path = PodcastsAppUITests;
			sourceTree = "<group>";
		};
/* End PBXGroup section */

/* Begin PBXNativeTarget section */
		2AF686A5213C084800223FDA /* PodcastsApp */ = {
			isa = PBXNativeTarget;
			buildConfigurationList = 2AF686CE213C085D00223FDA /* Build configuration list for PBXNativeTarget "PodcastsApp" */;
			buildPhases = (
				2AF686A2213C084800223FDA /* Sources */,
				2AF686A3213C084800223FDA /* Frameworks */,
				2AF686A4213C084800223FDA /* Resources */,
			);
			buildRules = (
			);
			dependencies = (
			);
			name = PodcastsApp;
			productName = PodcastsApp;
			productReference = 2AF686A6213C084800223FDA /* PodcastsApp.app */;
			productType = "com.apple.product-type.application";
		};
		2AF686B9213C085C00223FDA /* PodcastsAppTests */ = {
			isa = PBXNativeTarget;
			buildConfigurationList = 2AF686D1213C085D00223FDA /* Build configuration list for PBXNativeTarget "PodcastsAppTests" */;
			buildPhases = (
				2AF686B6213C085C00223FDA /* Sources */,
				2AF686B7213C085C00223FDA /* Frameworks */,
				2AF686B8213C085C00223FDA /* Resources */,
			);
			buildRules = (
			);
			dependencies = (
				2AF686BC213C085C00223FDA /* PBXTargetDependency */,
			);
			name = PodcastsAppTests;
			productName = PodcastsAppTests;
			productReference = 2AF686BA213C085C00223FDA /* PodcastsAppTests.xctest */;
			productType = "com.apple.product-type.bundle.unit-test";
		};
		2AF686C4213C085D00223FDA /* PodcastsAppUITests */ = {
			isa = PBXNativeTarget;
			buildConfigurationList = 2AF686D4213C085D00223FDA /* Build configuration list for PBXNativeTarget "PodcastsAppUITests" */;
			buildPhases = (
				2AF686C1213C085D00223FDA /* Sources */,
				2AF686C2213C085D00223FDA /* Frameworks */,
				2AF686C3213C085D00223FDA /* Resources */,
			);
			buildRules = (
			);
			dependencies = (
				2AF686C7213C085D00223FDA /* PBXTargetDependency */,
			);
			name = PodcastsAppUITests;
			productName = PodcastsAppUITests;
			productReference = 2AF686C5213C085D00223FDA /* PodcastsAppUITests.xctest */;
			productType = "com.apple.product-type.bundle.ui-testing";
		};
/* End PBXNativeTarget section */

/* Begin PBXProject section */
		2AF6869E213C084800223FDA /* Project object */ = {
			isa = PBXProject;
			attributes = {
				LastSwiftUpdateCheck = 0930;
				LastUpgradeCheck = 0930;
				ORGANIZATIONNAME = "mahmoud gamal";
				TargetAttributes = {
					2AF686A5213C084800223FDA = {
						CreatedOnToolsVersion = 9.3;
					};
					2AF686B9213C085C00223FDA = {
						CreatedOnToolsVersion = 9.3;
						TestTargetID = 2AF686A5213C084800223FDA;
					};
					2AF686C4213C085D00223FDA = {
						CreatedOnToolsVersion = 9.3;
						TestTargetID = 2AF686A5213C084800223FDA;
					};
				};
			};
			buildConfigurationList = 2AF686A1213C084800223FDA /* Build configuration list for PBXProject "PodcastsApp" */;
			compatibilityVersion = "Xcode 9.3";
			developmentRegion = en;
			hasScannedForEncodings = 0;
			knownRegions = (
				en,
				Base,
			);
			mainGroup = 2AF6869D213C084800223FDA;
			productRefGroup = 2AF686A7213C084800223FDA /* Products */;
			projectDirPath = "";
			projectRoot = "";
			targets = (
				2AF686A5213C084800223FDA /* PodcastsApp */,
				2AF686B9213C085C00223FDA /* PodcastsAppTests */,
				2AF686C4213C085D00223FDA /* PodcastsAppUITests */,
			);
		};
/* End PBXProject section */

/* Begin PBXResourcesBuildPhase section */
		2AF686A4213C084800223FDA /* Resources */ = {
			isa = PBXResourcesBuildPhase;
			buildActionMask = 2147483647;
			files = (
				2AF686B4213C085C00223FDA /* LaunchScreen.storyboard in Resources */,
				2AF686B1213C085C00223FDA /* Assets.xcassets in Resources */,
				2AF686AF213C084800223FDA /* Main.storyboard in Resources */,
			);
			runOnlyForDeploymentPostprocessing = 0;
		};
		2AF686B8213C085C00223FDA /* Resources */ = {
			isa = PBXResourcesBuildPhase;
			buildActionMask = 2147483647;
			files = (
			);
			runOnlyForDeploymentPostprocessing = 0;
		};
		2AF686C3213C085D00223FDA /* Resources */ = {
			isa = PBXResourcesBuildPhase;
			buildActionMask = 2147483647;
			files = (
			);
			runOnlyForDeploymentPostprocessing = 0;
		};
/* End PBXResourcesBuildPhase section */

/* Begin PBXSourcesBuildPhase section */
		2AF686A2213C084800223FDA /* Sources */ = {
			isa = PBXSourcesBuildPhase;
			buildActionMask = 2147483647;
			files = (
				2AF686AC213C084800223FDA /* ViewController.swift in Sources */,
				2AF686AA213C084800223FDA /* AppDelegate.swift in Sources */,
				2AF686D8213C098F00223FDA /* MainTabBarController.swift in Sources */,
			);
			runOnlyForDeploymentPostprocessing = 0;
		};
		2AF686B6213C085C00223FDA /* Sources */ = {
			isa = PBXSourcesBuildPhase;
			buildActionMask = 2147483647;
			files = (
				2AF686BF213C085D00223FDA /* PodcastsAppTests.swift in Sources */,
			);
			runOnlyForDeploymentPostprocessing = 0;
		};
		2AF686C1213C085D00223FDA /* Sources */ = {
			isa = PBXSourcesBuildPhase;
			buildActionMask = 2147483647;
			files = (
				2AF686CA213C085D00223FDA /* PodcastsAppUITests.swift in Sources */,
			);
			runOnlyForDeploymentPostprocessing = 0;
		};
/* End PBXSourcesBuildPhase section */

/* Begin PBXTargetDependency section */
		2AF686BC213C085C00223FDA /* PBXTargetDependency */ = {
			isa = PBXTargetDependency;
			target = 2AF686A5213C084800223FDA /* PodcastsApp */;
			targetProxy = 2AF686BB213C085C00223FDA /* PBXContainerItemProxy */;
		};
		2AF686C7213C085D00223FDA /* PBXTargetDependency */ = {
			isa = PBXTargetDependency;
			target = 2AF686A5213C084800223FDA /* PodcastsApp */;
			targetProxy = 2AF686C6213C085D00223FDA /* PBXContainerItemProxy */;
		};
/* End PBXTargetDependency section */

/* Begin PBXVariantGroup section */
		2AF686AD213C084800223FDA /* Main.storyboard */ = {
			isa = PBXVariantGroup;
			children = (
				2AF686AE213C084800223FDA /* Base */,
			);
			name = Main.storyboard;
			sourceTree = "<group>";
		};
		2AF686B2213C085C00223FDA /* LaunchScreen.storyboard */ = {
			isa = PBXVariantGroup;
			children = (
				2AF686B3213C085C00223FDA /* Base */,
			);
			name = LaunchScreen.storyboard;
			sourceTree = "<group>";
		};
/* End PBXVariantGroup section */

/* Begin XCBuildConfiguration section */
		2AF686CC213C085D00223FDA /* Debug */ = {
			isa = XCBuildConfiguration;
			buildSettings = {
				ALWAYS_SEARCH_USER_PATHS = NO;
				CLANG_ANALYZER_NONNULL = YES;
				CLANG_ANALYZER_NUMBER_OBJECT_CONVERSION = YES_AGGRESSIVE;
				CLANG_CXX_LANGUAGE_STANDARD = "gnu++14";
				CLANG_CXX_LIBRARY = "libc++";
				CLANG_ENABLE_MODULES = YES;
				CLANG_ENABLE_OBJC_ARC = YES;
				CLANG_ENABLE_OBJC_WEAK = YES;
				CLANG_WARN_BLOCK_CAPTURE_AUTORELEASING = YES;
				CLANG_WARN_BOOL_CONVERSION = YES;
				CLANG_WARN_COMMA = YES;
				CLANG_WARN_CONSTANT_CONVERSION = YES;
				CLANG_WARN_DEPRECATED_OBJC_IMPLEMENTATIONS = YES;
				CLANG_WARN_DIRECT_OBJC_ISA_USAGE = YES_ERROR;
				CLANG_WARN_DOCUMENTATION_COMMENTS = YES;
				CLANG_WARN_EMPTY_BODY = YES;
				CLANG_WARN_ENUM_CONVERSION = YES;
				CLANG_WARN_INFINITE_RECURSION = YES;
				CLANG_WARN_INT_CONVERSION = YES;
				CLANG_WARN_NON_LITERAL_NULL_CONVERSION = YES;
				CLANG_WARN_OBJC_IMPLICIT_RETAIN_SELF = YES;
				CLANG_WARN_OBJC_LITERAL_CONVERSION = YES;
				CLANG_WARN_OBJC_ROOT_CLASS = YES_ERROR;
				CLANG_WARN_RANGE_LOOP_ANALYSIS = YES;
				CLANG_WARN_STRICT_PROTOTYPES = YES;
				CLANG_WARN_SUSPICIOUS_MOVE = YES;
				CLANG_WARN_UNGUARDED_AVAILABILITY = YES_AGGRESSIVE;
				CLANG_WARN_UNREACHABLE_CODE = YES;
				CLANG_WARN__DUPLICATE_METHOD_MATCH = YES;
				CODE_SIGN_IDENTITY = "iPhone Developer";
				COPY_PHASE_STRIP = NO;
				DEBUG_INFORMATION_FORMAT = dwarf;
				ENABLE_STRICT_OBJC_MSGSEND = YES;
				ENABLE_TESTABILITY = YES;
				GCC_C_LANGUAGE_STANDARD = gnu11;
				GCC_DYNAMIC_NO_PIC = NO;
				GCC_NO_COMMON_BLOCKS = YES;
				GCC_OPTIMIZATION_LEVEL = 0;
				GCC_PREPROCESSOR_DEFINITIONS = (
					"DEBUG=1",
					"$(inherited)",
				);
				GCC_WARN_64_TO_32_BIT_CONVERSION = YES;
				GCC_WARN_ABOUT_RETURN_TYPE = YES_ERROR;
				GCC_WARN_UNDECLARED_SELECTOR = YES;
				GCC_WARN_UNINITIALIZED_AUTOS = YES_AGGRESSIVE;
				GCC_WARN_UNUSED_FUNCTION = YES;
				GCC_WARN_UNUSED_VARIABLE = YES;
				IPHONEOS_DEPLOYMENT_TARGET = 11.3;
				MTL_ENABLE_DEBUG_INFO = YES;
				ONLY_ACTIVE_ARCH = YES;
				SDKROOT = iphoneos;
				SWIFT_ACTIVE_COMPILATION_CONDITIONS = DEBUG;
				SWIFT_OPTIMIZATION_LEVEL = "-Onone";
			};
			name = Debug;
		};
		2AF686CD213C085D00223FDA /* Release */ = {
			isa = XCBuildConfiguration;
			buildSettings = {
				ALWAYS_SEARCH_USER_PATHS = NO;
				CLANG_ANALYZER_NONNULL = YES;
				CLANG_ANALYZER_NUMBER_OBJECT_CONVERSION = YES_AGGRESSIVE;
				CLANG_CXX_LANGUAGE_STANDARD = "gnu++14";
				CLANG_CXX_LIBRARY = "libc++";
				CLANG_ENABLE_MODULES = YES;
				CLANG_ENABLE_OBJC_ARC = YES;
				CLANG_ENABLE_OBJC_WEAK = YES;
				CLANG_WARN_BLOCK_CAPTURE_AUTORELEASING = YES;
				CLANG_WARN_BOOL_CONVERSION = YES;
				CLANG_WARN_COMMA = YES;
				CLANG_WARN_CONSTANT_CONVERSION = YES;
				CLANG_WARN_DEPRECATED_OBJC_IMPLEMENTATIONS = YES;
				CLANG_WARN_DIRECT_OBJC_ISA_USAGE = YES_ERROR;
				CLANG_WARN_DOCUMENTATION_COMMENTS = YES;
				CLANG_WARN_EMPTY_BODY = YES;
				CLANG_WARN_ENUM_CONVERSION = YES;
				CLANG_WARN_INFINITE_RECURSION = YES;
				CLANG_WARN_INT_CONVERSION = YES;
				CLANG_WARN_NON_LITERAL_NULL_CONVERSION = YES;
				CLANG_WARN_OBJC_IMPLICIT_RETAIN_SELF = YES;
				CLANG_WARN_OBJC_LITERAL_CONVERSION = YES;
				CLANG_WARN_OBJC_ROOT_CLASS = YES_ERROR;
				CLANG_WARN_RANGE_LOOP_ANALYSIS = YES;
				CLANG_WARN_STRICT_PROTOTYPES = YES;
				CLANG_WARN_SUSPICIOUS_MOVE = YES;
				CLANG_WARN_UNGUARDED_AVAILABILITY = YES_AGGRESSIVE;
				CLANG_WARN_UNREACHABLE_CODE = YES;
				CLANG_WARN__DUPLICATE_METHOD_MATCH = YES;
				CODE_SIGN_IDENTITY = "iPhone Developer";
				COPY_PHASE_STRIP = NO;
				DEBUG_INFORMATION_FORMAT = "dwarf-with-dsym";
				ENABLE_NS_ASSERTIONS = NO;
				ENABLE_STRICT_OBJC_MSGSEND = YES;
				GCC_C_LANGUAGE_STANDARD = gnu11;
				GCC_NO_COMMON_BLOCKS = YES;
				GCC_WARN_64_TO_32_BIT_CONVERSION = YES;
				GCC_WARN_ABOUT_RETURN_TYPE = YES_ERROR;
				GCC_WARN_UNDECLARED_SELECTOR = YES;
				GCC_WARN_UNINITIALIZED_AUTOS = YES_AGGRESSIVE;
				GCC_WARN_UNUSED_FUNCTION = YES;
				GCC_WARN_UNUSED_VARIABLE = YES;
				IPHONEOS_DEPLOYMENT_TARGET = 11.3;
				MTL_ENABLE_DEBUG_INFO = NO;
				SDKROOT = iphoneos;
				SWIFT_COMPILATION_MODE = wholemodule;
				SWIFT_OPTIMIZATION_LEVEL = "-O";
				VALIDATE_PRODUCT = YES;
			};
			name = Release;
		};
		2AF686CF213C085D00223FDA /* Debug */ = {
			isa = XCBuildConfiguration;
			buildSettings = {
				ASSETCATALOG_COMPILER_APPICON_NAME = AppIcon;
				CODE_SIGN_STYLE = Automatic;
				DEVELOPMENT_TEAM = TYLGLUFFXF;
				INFOPLIST_FILE = PodcastsApp/Info.plist;
				LD_RUNPATH_SEARCH_PATHS = (
					"$(inherited)",
					"@executable_path/Frameworks",
				);
				PRODUCT_BUNDLE_IDENTIFIER = com.fotta.PodcastsApp;
				PRODUCT_NAME = "$(TARGET_NAME)";
				SWIFT_VERSION = 4.0;
				TARGETED_DEVICE_FAMILY = "1,2";
			};
			name = Debug;
		};
		2AF686D0213C085D00223FDA /* Release */ = {
			isa = XCBuildConfiguration;
			buildSettings = {
				ASSETCATALOG_COMPILER_APPICON_NAME = AppIcon;
				CODE_SIGN_STYLE = Automatic;
				DEVELOPMENT_TEAM = TYLGLUFFXF;
				INFOPLIST_FILE = PodcastsApp/Info.plist;
				LD_RUNPATH_SEARCH_PATHS = (
					"$(inherited)",
					"@executable_path/Frameworks",
				);
				PRODUCT_BUNDLE_IDENTIFIER = com.fotta.PodcastsApp;
				PRODUCT_NAME = "$(TARGET_NAME)";
				SWIFT_VERSION = 4.0;
				TARGETED_DEVICE_FAMILY = "1,2";
			};
			name = Release;
		};
		2AF686D2213C085D00223FDA /* Debug */ = {
			isa = XCBuildConfiguration;
			buildSettings = {
				ALWAYS_EMBED_SWIFT_STANDARD_LIBRARIES = YES;
				BUNDLE_LOADER = "$(TEST_HOST)";
				CODE_SIGN_STYLE = Automatic;
				INFOPLIST_FILE = PodcastsAppTests/Info.plist;
				LD_RUNPATH_SEARCH_PATHS = (
					"$(inherited)",
					"@executable_path/Frameworks",
					"@loader_path/Frameworks",
				);
				PRODUCT_BUNDLE_IDENTIFIER = com.fotta.PodcastsAppTests;
				PRODUCT_NAME = "$(TARGET_NAME)";
				SWIFT_VERSION = 4.0;
				TARGETED_DEVICE_FAMILY = "1,2";
				TEST_HOST = "$(BUILT_PRODUCTS_DIR)/PodcastsApp.app/PodcastsApp";
			};
			name = Debug;
		};
		2AF686D3213C085D00223FDA /* Release */ = {
			isa = XCBuildConfiguration;
			buildSettings = {
				ALWAYS_EMBED_SWIFT_STANDARD_LIBRARIES = YES;
				BUNDLE_LOADER = "$(TEST_HOST)";
				CODE_SIGN_STYLE = Automatic;
				INFOPLIST_FILE = PodcastsAppTests/Info.plist;
				LD_RUNPATH_SEARCH_PATHS = (
					"$(inherited)",
					"@executable_path/Frameworks",
					"@loader_path/Frameworks",
				);
				PRODUCT_BUNDLE_IDENTIFIER = com.fotta.PodcastsAppTests;
				PRODUCT_NAME = "$(TARGET_NAME)";
				SWIFT_VERSION = 4.0;
				TARGETED_DEVICE_FAMILY = "1,2";
				TEST_HOST = "$(BUILT_PRODUCTS_DIR)/PodcastsApp.app/PodcastsApp";
			};
			name = Release;
		};
		2AF686D5213C085D00223FDA /* Debug */ = {
			isa = XCBuildConfiguration;
			buildSettings = {
				ALWAYS_EMBED_SWIFT_STANDARD_LIBRARIES = YES;
				CODE_SIGN_STYLE = Automatic;
				INFOPLIST_FILE = PodcastsAppUITests/Info.plist;
				LD_RUNPATH_SEARCH_PATHS = (
					"$(inherited)",
					"@executable_path/Frameworks",
					"@loader_path/Frameworks",
				);
				PRODUCT_BUNDLE_IDENTIFIER = com.fotta.PodcastsAppUITests;
				PRODUCT_NAME = "$(TARGET_NAME)";
				SWIFT_VERSION = 4.0;
				TARGETED_DEVICE_FAMILY = "1,2";
				TEST_TARGET_NAME = PodcastsApp;
			};
			name = Debug;
		};
		2AF686D6213C085D00223FDA /* Release */ = {
			isa = XCBuildConfiguration;
			buildSettings = {
				ALWAYS_EMBED_SWIFT_STANDARD_LIBRARIES = YES;
				CODE_SIGN_STYLE = Automatic;
				INFOPLIST_FILE = PodcastsAppUITests/Info.plist;
				LD_RUNPATH_SEARCH_PATHS = (
					"$(inherited)",
					"@executable_path/Frameworks",
					"@loader_path/Frameworks",
				);
				PRODUCT_BUNDLE_IDENTIFIER = com.fotta.PodcastsAppUITests;
				PRODUCT_NAME = "$(TARGET_NAME)";
				SWIFT_VERSION = 4.0;
				TARGETED_DEVICE_FAMILY = "1,2";
				TEST_TARGET_NAME = PodcastsApp;
			};
			name = Release;
		};
/* End XCBuildConfiguration section */

/* Begin XCConfigurationList section */
		2AF686A1213C084800223FDA /* Build configuration list for PBXProject "PodcastsApp" */ = {
			isa = XCConfigurationList;
			buildConfigurations = (
				2AF686CC213C085D00223FDA /* Debug */,
				2AF686CD213C085D00223FDA /* Release */,
			);
			defaultConfigurationIsVisible = 0;
			defaultConfigurationName = Release;
		};
		2AF686CE213C085D00223FDA /* Build configuration list for PBXNativeTarget "PodcastsApp" */ = {
			isa = XCConfigurationList;
			buildConfigurations = (
				2AF686CF213C085D00223FDA /* Debug */,
				2AF686D0213C085D00223FDA /* Release */,
			);
			defaultConfigurationIsVisible = 0;
			defaultConfigurationName = Release;
		};
		2AF686D1213C085D00223FDA /* Build configuration list for PBXNativeTarget "PodcastsAppTests" */ = {
			isa = XCConfigurationList;
			buildConfigurations = (
				2AF686D2213C085D00223FDA /* Debug */,
				2AF686D3213C085D00223FDA /* Release */,
			);
			defaultConfigurationIsVisible = 0;
			defaultConfigurationName = Release;
		};
		2AF686D4213C085D00223FDA /* Build configuration list for PBXNativeTarget "PodcastsAppUITests" */ = {
			isa = XCConfigurationList;
			buildConfigurations = (
				2AF686D5213C085D00223FDA /* Debug */,
				2AF686D6213C085D00223FDA /* Release */,
			);
			defaultConfigurationIsVisible = 0;
			defaultConfigurationName = Release;
		};
/* End XCConfigurationList section */
	};
	rootObject = 2AF6869E213C084800223FDA /* Project object */;
}
